# @generated by Move, please check-in and do not edit manually.

[move]
version = 3
manifest_digest = "1DBC4B8E6EE8FCA05FC7EAFE1209C637A535348B883FC3E7271F83F2B76FDD8A"
deps_digest = "3C4103934B1E040BB6B23F1D610B4EF9F2F1166A50A104EADCF77467C004C600"
dependencies = [
  { id = "Sui", name = "Sui" },
  { id = "mint", name = "mint" },
]

[[move.package]]
id = "MoveStdlib"
source = { git = "https://github.com/MystenLabs/sui.git", rev = "framework/testnet", subdir = "crates/sui-framework/packages/move-stdlib" }

[[move.package]]
id = "Sui"
source = { git = "https://github.com/MystenLabs/sui.git", rev = "framework/testnet", subdir = "crates/sui-framework/packages/sui-framework" }

dependencies = [
  { id = "MoveStdlib", name = "MoveStdlib" },
]

[[move.package]]
id = "mint"
source = { local = "../solv_mint_manager" }

dependencies = [
  { id = "Sui", name = "Sui" },
]

[move.toolchain-version]
compiler-version = "1.38.0"
edition = "2024.beta"
flavor = "sui"

[env]

[env.testnet]
chain-id = "4c78adac"
original-published-id = "0x698d200c4a99a242a72caf1a7b39a71823c6edfcd57f0700849898fdace22c7c"
latest-published-id = "0x698d200c4a99a242a72caf1a7b39a71823c6edfcd57f0700849898fdace22c7c"
published-version = "1"
