# @generated by Move, please check-in and do not edit manually.

[move]
version = 3
manifest_digest = "7C15CF1B9825B1BAC69FE75DF43A7E6234DF8DF99E26E22E40A4A0E66022FE30"
deps_digest = "3C4103934B1E040BB6B23F1D610B4EF9F2F1166A50A104EADCF77467C004C600"
dependencies = [
  { id = "Sui", name = "Sui" },
  { id = "mint", name = "mint" },
]

[[move.package]]
id = "MoveStdlib"
source = { git = "https://github.com/MystenLabs/sui.git", rev = "framework/testnet", subdir = "crates/sui-framework/packages/move-stdlib" }

[[move.package]]
id = "Sui"
source = { git = "https://github.com/MystenLabs/sui.git", rev = "framework/testnet", subdir = "crates/sui-framework/packages/sui-framework" }

dependencies = [
  { id = "MoveStdlib", name = "MoveStdlib" },
]

[[move.package]]
id = "mint"
source = { local = "../solv_mint_manager" }

dependencies = [
  { id = "Sui", name = "Sui" },
]

[move.toolchain-version]
compiler-version = "1.38.0"
edition = "2024.beta"
flavor = "sui"

[env]

[env.testnet]
chain-id = "4c78adac"
original-published-id = "0xcdc0da0fcca75cb1ec9fe27988b6b7ceecf0a9c3afb0441c7c37fe1bd3a74387"
latest-published-id = "0xcdc0da0fcca75cb1ec9fe27988b6b7ceecf0a9c3afb0441c7c37fe1bd3a74387"
published-version = "1"

[env.mainnet]
chain-id = "35834a8a"
original-published-id = "0x9ca148bbd99b43c568418ed59dfd586b21995af71374dcd8140a3f5b36777b72"
latest-published-id = "0x6f860a2558e084e82f077c939adfcda8fc841ed48f758e0e537592d8202c7644"
published-version = "4"
