# @generated by Move, please check-in and do not edit manually.

[move]
version = 3
manifest_digest = "35300205ADCCC2BA14396D4998CAEBE9919D3157D90FEE45A99C026EFFE6C7E2"
deps_digest = "3C4103934B1E040BB6B23F1D610B4EF9F2F1166A50A104EADCF77467C004C600"
dependencies = [
  { id = "Sui", name = "Sui" },
  { id = "solvbtc", name = "solvbtc" },
]

[[move.package]]
id = "MoveStdlib"
source = { git = "https://github.com/MystenLabs/sui.git", rev = "framework/testnet", subdir = "crates/sui-framework/packages/move-stdlib" }

[[move.package]]
id = "Sui"
source = { git = "https://github.com/MystenLabs/sui.git", rev = "framework/testnet", subdir = "crates/sui-framework/packages/sui-framework" }

dependencies = [
  { id = "MoveStdlib", name = "MoveStdlib" },
]

[[move.package]]
id = "solvbtc"
source = { local = "../SolvBTC-SUI-Interface/solvbtc" }

dependencies = [
  { id = "Sui", name = "Sui" },
]

[move.toolchain-version]
compiler-version = "1.38.0"
edition = "2024.beta"
flavor = "sui"

[env]

[env.testnet]
chain-id = "4c78adac"
original-published-id = "0xb7ce7968c61194a2e6deb1c6c4dca2809eed78fbc592d7227fe54ded01eede79"
latest-published-id = "0xb7ce7968c61194a2e6deb1c6c4dca2809eed78fbc592d7227fe54ded01eede79"
published-version = "1"

[env.mainnet]
chain-id = "35834a8a"
original-published-id = "0x9ca148bbd99b43c568418ed59dfd586b21995af71374dcd8140a3f5b36777b72"
latest-published-id = "0x6f860a2558e084e82f077c939adfcda8fc841ed48f758e0e537592d8202c7644"
published-version = "4"
