# @generated by Move, please check-in and do not edit manually.

[move]
version = 3
manifest_digest = "FBE392D1BD8AF74A095D0B0F89373543FD4FC63F06DC6388F0945F0BA2E83175"
deps_digest = "3C4103934B1E040BB6B23F1D610B4EF9F2F1166A50A104EADCF77467C004C600"
dependencies = [
  { id = "Sui", name = "Sui" },
  { id = "mint", name = "mint" },
]

[[move.package]]
id = "MoveStdlib"
source = { git = "https://github.com/MystenLabs/sui.git", rev = "framework/testnet", subdir = "crates/sui-framework/packages/move-stdlib" }

[[move.package]]
id = "Sui"
source = { git = "https://github.com/MystenLabs/sui.git", rev = "framework/testnet", subdir = "crates/sui-framework/packages/sui-framework" }

dependencies = [
  { id = "MoveStdlib", name = "MoveStdlib" },
]

[[move.package]]
id = "mint"
source = { local = "../mint" }

dependencies = [
  { id = "Sui", name = "Sui" },
]

[move.toolchain-version]
compiler-version = "1.38.0"
edition = "2024.beta"
flavor = "sui"

[env]

[env.testnet]
chain-id = "4c78adac"
original-published-id = "0xe0dd5cc4ae2f3039aecf26a165ff4442fb01a570c349b182ae6ea1f64fdd5192"
latest-published-id = "0xe0dd5cc4ae2f3039aecf26a165ff4442fb01a570c349b182ae6ea1f64fdd5192"
published-version = "1"
